// !$*UTF8*$!
{
	archiveVersion = 1;
	classes = {
	};
	objectVersion = 46;
	objects = {

/* Begin PBXBuildFile section */
		AA0C194154CD8BAA39A829C6 /* libPods.a in Frameworks */ = {isa = PBXBuildFile; fileRef = 5A52948C95896A26314124E5 /* libPods.a */; };
		AC11727D1CBCD04E00B97A98 /* YHViewController.m in Sources */ = {isa = PBXBuildFile; fileRef = AC1172591CBCD04E00B97A98 /* YHViewController.m */; };
		AC11727E1CBCD04E00B97A98 /* YHBarcode.m in Sources */ = {isa = PBXBuildFile; fileRef = AC11725C1CBCD04E00B97A98 /* YHBarcode.m */; };
		AC11727F1CBCD04E00B97A98 /* YHGoogleAnalytics.m in Sources */ = {isa = PBXBuildFile; fileRef = AC11725E1CBCD04E00B97A98 /* YHGoogleAnalytics.m */; };
		AC1172801CBCD04E00B97A98 /* YHModel.m in Sources */ = {isa = PBXBuildFile; fileRef = AC1172601CBCD04E00B97A98 /* YHModel.m */; };
		AC1172811CBCD04E00B97A98 /* YHPushModel.m in Sources */ = {isa = PBXBuildFile; fileRef = AC1172621CBCD04E00B97A98 /* YHPushModel.m */; };
		AC1172821CBCD04E00B97A98 /* ProgressHUD.bundle in Resources */ = {isa = PBXBuildFile; fileRef = AC1172651CBCD04E00B97A98 /* ProgressHUD.bundle */; };
		AC1172831CBCD04E00B97A98 /* ProgressHUD.m in Sources */ = {isa = PBXBuildFile; fileRef = AC1172671CBCD04E00B97A98 /* ProgressHUD.m */; };
		AC1172841CBCD04E00B97A98 /* YHGoogleMapView.m in Sources */ = {isa = PBXBuildFile; fileRef = AC1172691CBCD04E00B97A98 /* YHGoogleMapView.m */; };
		AC1172851CBCD04E00B97A98 /* YHInfiniteScrollView.m in Sources */ = {isa = PBXBuildFile; fileRef = AC11726B1CBCD04E00B97A98 /* YHInfiniteScrollView.m */; };
		AC1172861CBCD04E00B97A98 /* YHInfiniteScrollViewPage.m in Sources */ = {isa = PBXBuildFile; fileRef = AC11726D1CBCD04E00B97A98 /* YHInfiniteScrollViewPage.m */; };
		AC1172871CBCD04E00B97A98 /* YHTableViewCell.m in Sources */ = {isa = PBXBuildFile; fileRef = AC11726F1CBCD04E00B97A98 /* YHTableViewCell.m */; };
		AC1172881CBCD04E00B97A98 /* YHView.m in Sources */ = {isa = PBXBuildFile; fileRef = AC1172711CBCD04E00B97A98 /* YHView.m */; };
		AC1172891CBCD04E00B97A98 /* YHWKWebView.m in Sources */ = {isa = PBXBuildFile; fileRef = AC1172731CBCD04E00B97A98 /* YHWKWebView.m */; };
		AC11728B1CBCD04E00B97A98 /* YHHTTPClient.m in Sources */ = {isa = PBXBuildFile; fileRef = AC11727A1CBCD04E00B97A98 /* YHHTTPClient.m */; };
		AC11728C1CBCD04E00B97A98 /* YHTools.m in Sources */ = {isa = PBXBuildFile; fileRef = AC11727C1CBCD04E00B97A98 /* YHTools.m */; };
		AC67B3FD1CBCBAFF0015A78D /* main.m in Sources */ = {isa = PBXBuildFile; fileRef = AC67B3FC1CBCBAFF0015A78D /* main.m */; };
		AC67B4001CBCBAFF0015A78D /* AppDelegate.m in Sources */ = {isa = PBXBuildFile; fileRef = AC67B3FF1CBCBAFF0015A78D /* AppDelegate.m */; };
		AC67B4031CBCBAFF0015A78D /* ViewController.m in Sources */ = {isa = PBXBuildFile; fileRef = AC67B4021CBCBAFF0015A78D /* ViewController.m */; };
		AC67B4061CBCBAFF0015A78D /* Main.storyboard in Resources */ = {isa = PBXBuildFile; fileRef = AC67B4041CBCBAFF0015A78D /* Main.storyboard */; };
		AC67B4081CBCBAFF0015A78D /* Assets.xcassets in Resources */ = {isa = PBXBuildFile; fileRef = AC67B4071CBCBAFF0015A78D /* Assets.xcassets */; };
		AC67B40B1CBCBAFF0015A78D /* LaunchScreen.storyboard in Resources */ = {isa = PBXBuildFile; fileRef = AC67B4091CBCBAFF0015A78D /* LaunchScreen.storyboard */; };
		AC67B4161CBCBAFF0015A78D /* YHFrameworkTests.m in Sources */ = {isa = PBXBuildFile; fileRef = AC67B4151CBCBAFF0015A78D /* YHFrameworkTests.m */; };
		AC67B4211CBCBAFF0015A78D /* YHFrameworkUITests.m in Sources */ = {isa = PBXBuildFile; fileRef = AC67B4201CBCBAFF0015A78D /* YHFrameworkUITests.m */; };
/* End PBXBuildFile section */

/* Begin PBXContainerItemProxy section */
		AC67B4121CBCBAFF0015A78D /* PBXContainerItemProxy */ = {
			isa = PBXContainerItemProxy;
			containerPortal = AC67B3F01CBCBAFF0015A78D /* Project object */;
			proxyType = 1;
			remoteGlobalIDString = AC67B3F71CBCBAFF0015A78D;
			remoteInfo = YHFramework;
		};
		AC67B41D1CBCBAFF0015A78D /* PBXContainerItemProxy */ = {
			isa = PBXContainerItemProxy;
			containerPortal = AC67B3F01CBCBAFF0015A78D /* Project object */;
			proxyType = 1;
			remoteGlobalIDString = AC67B3F71CBCBAFF0015A78D;
			remoteInfo = YHFramework;
		};
/* End PBXContainerItemProxy section */

/* Begin PBXFileReference section */
		25F54D3206974AD52FA34F9A /* Pods.release.xcconfig */ = {isa = PBXFileReference; includeInIndex = 1; lastKnownFileType = text.xcconfig; name = Pods.release.xcconfig; path = "Pods/Target Support Files/Pods/Pods.release.xcconfig"; sourceTree = "<group>"; };
		5A52948C95896A26314124E5 /* libPods.a */ = {isa = PBXFileReference; explicitFileType = archive.ar; includeInIndex = 0; path = libPods.a; sourceTree = BUILT_PRODUCTS_DIR; };
		AC1172581CBCD04E00B97A98 /* YHViewController.h */ = {isa = PBXFileReference; fileEncoding = 4; lastKnownFileType = sourcecode.c.h; path = YHViewController.h; sourceTree = "<group>"; };
		AC1172591CBCD04E00B97A98 /* YHViewController.m */ = {isa = PBXFileReference; fileEncoding = 4; lastKnownFileType = sourcecode.c.objc; path = YHViewController.m; sourceTree = "<group>"; };
		AC11725B1CBCD04E00B97A98 /* YHBarcode.h */ = {isa = PBXFileReference; fileEncoding = 4; lastKnownFileType = sourcecode.c.h; path = YHBarcode.h; sourceTree = "<group>"; };
		AC11725C1CBCD04E00B97A98 /* YHBarcode.m */ = {isa = PBXFileReference; fileEncoding = 4; lastKnownFileType = sourcecode.c.objc; path = YHBarcode.m; sourceTree = "<group>"; };
		AC11725D1CBCD04E00B97A98 /* YHGoogleAnalytics.h */ = {isa = PBXFileReference; fileEncoding = 4; lastKnownFileType = sourcecode.c.h; path = YHGoogleAnalytics.h; sourceTree = "<group>"; };
		AC11725E1CBCD04E00B97A98 /* YHGoogleAnalytics.m */ = {isa = PBXFileReference; fileEncoding = 4; lastKnownFileType = sourcecode.c.objc; path = YHGoogleAnalytics.m; sourceTree = "<group>"; };
		AC11725F1CBCD04E00B97A98 /* YHModel.h */ = {isa = PBXFileReference; fileEncoding = 4; lastKnownFileType = sourcecode.c.h; path = YHModel.h; sourceTree = "<group>"; };
		AC1172601CBCD04E00B97A98 /* YHModel.m */ = {isa = PBXFileReference; fileEncoding = 4; lastKnownFileType = sourcecode.c.objc; path = YHModel.m; sourceTree = "<group>"; };
		AC1172611CBCD04E00B97A98 /* YHPushModel.h */ = {isa = PBXFileReference; fileEncoding = 4; lastKnownFileType = sourcecode.c.h; path = YHPushModel.h; sourceTree = "<group>"; };
		AC1172621CBCD04E00B97A98 /* YHPushModel.m */ = {isa = PBXFileReference; fileEncoding = 4; lastKnownFileType = sourcecode.c.objc; path = YHPushModel.m; sourceTree = "<group>"; };
		AC1172651CBCD04E00B97A98 /* ProgressHUD.bundle */ = {isa = PBXFileReference; lastKnownFileType = "wrapper.plug-in"; path = ProgressHUD.bundle; sourceTree = "<group>"; };
		AC1172661CBCD04E00B97A98 /* ProgressHUD.h */ = {isa = PBXFileReference; fileEncoding = 4; lastKnownFileType = sourcecode.c.h; path = ProgressHUD.h; sourceTree = "<group>"; };
		AC1172671CBCD04E00B97A98 /* ProgressHUD.m */ = {isa = PBXFileReference; fileEncoding = 4; lastKnownFileType = sourcecode.c.objc; path = ProgressHUD.m; sourceTree = "<group>"; };
		AC1172681CBCD04E00B97A98 /* YHGoogleMapView.h */ = {isa = PBXFileReference; fileEncoding = 4; lastKnownFileType = sourcecode.c.h; path = YHGoogleMapView.h; sourceTree = "<group>"; };
		AC1172691CBCD04E00B97A98 /* YHGoogleMapView.m */ = {isa = PBXFileReference; fileEncoding = 4; lastKnownFileType = sourcecode.c.objc; path = YHGoogleMapView.m; sourceTree = "<group>"; };
		AC11726A1CBCD04E00B97A98 /* YHInfiniteScrollView.h */ = {isa = PBXFileReference; fileEncoding = 4; lastKnownFileType = sourcecode.c.h; path = YHInfiniteScrollView.h; sourceTree = "<group>"; };
		AC11726B1CBCD04E00B97A98 /* YHInfiniteScrollView.m */ = {isa = PBXFileReference; fileEncoding = 4; lastKnownFileType = sourcecode.c.objc; path = YHInfiniteScrollView.m; sourceTree = "<group>"; };
		AC11726C1CBCD04E00B97A98 /* YHInfiniteScrollViewPage.h */ = {isa = PBXFileReference; fileEncoding = 4; lastKnownFileType = sourcecode.c.h; path = YHInfiniteScrollViewPage.h; sourceTree = "<group>"; };
		AC11726D1CBCD04E00B97A98 /* YHInfiniteScrollViewPage.m */ = {isa = PBXFileReference; fileEncoding = 4; lastKnownFileType = sourcecode.c.objc; path = YHInfiniteScrollViewPage.m; sourceTree = "<group>"; };
		AC11726E1CBCD04E00B97A98 /* YHTableViewCell.h */ = {isa = PBXFileReference; fileEncoding = 4; lastKnownFileType = sourcecode.c.h; path = YHTableViewCell.h; sourceTree = "<group>"; };
		AC11726F1CBCD04E00B97A98 /* YHTableViewCell.m */ = {isa = PBXFileReference; fileEncoding = 4; lastKnownFileType = sourcecode.c.objc; path = YHTableViewCell.m; sourceTree = "<group>"; };
		AC1172701CBCD04E00B97A98 /* YHView.h */ = {isa = PBXFileReference; fileEncoding = 4; lastKnownFileType = sourcecode.c.h; path = YHView.h; sourceTree = "<group>"; };
		AC1172711CBCD04E00B97A98 /* YHView.m */ = {isa = PBXFileReference; fileEncoding = 4; lastKnownFileType = sourcecode.c.objc; path = YHView.m; sourceTree = "<group>"; };
		AC1172721CBCD04E00B97A98 /* YHWKWebView.h */ = {isa = PBXFileReference; fileEncoding = 4; lastKnownFileType = sourcecode.c.h; path = YHWKWebView.h; sourceTree = "<group>"; };
		AC1172731CBCD04E00B97A98 /* YHWKWebView.m */ = {isa = PBXFileReference; fileEncoding = 4; lastKnownFileType = sourcecode.c.objc; path = YHWKWebView.m; sourceTree = "<group>"; };
		AC1172751CBCD04E00B97A98 /* YHConfig.h */ = {isa = PBXFileReference; fileEncoding = 4; lastKnownFileType = sourcecode.c.h; path = YHConfig.h; sourceTree = "<group>"; };
		AC1172761CBCD04E00B97A98 /* YHDebugLog.h */ = {isa = PBXFileReference; fileEncoding = 4; lastKnownFileType = sourcecode.c.h; path = YHDebugLog.h; sourceTree = "<group>"; };
		AC1172771CBCD04E00B97A98 /* YHLayout.h */ = {isa = PBXFileReference; fileEncoding = 4; lastKnownFileType = sourcecode.c.h; path = YHLayout.h; sourceTree = "<group>"; };
		AC1172791CBCD04E00B97A98 /* YHHTTPClient.h */ = {isa = PBXFileReference; fileEncoding = 4; lastKnownFileType = sourcecode.c.h; path = YHHTTPClient.h; sourceTree = "<group>"; };
		AC11727A1CBCD04E00B97A98 /* YHHTTPClient.m */ = {isa = PBXFileReference; fileEncoding = 4; lastKnownFileType = sourcecode.c.objc; path = YHHTTPClient.m; sourceTree = "<group>"; };
		AC11727B1CBCD04E00B97A98 /* YHTools.h */ = {isa = PBXFileReference; fileEncoding = 4; lastKnownFileType = sourcecode.c.h; path = YHTools.h; sourceTree = "<group>"; };
		AC11727C1CBCD04E00B97A98 /* YHTools.m */ = {isa = PBXFileReference; fileEncoding = 4; lastKnownFileType = sourcecode.c.objc; path = YHTools.m; sourceTree = "<group>"; };
		AC11728D1CBCD06A00B97A98 /* YHFramework_PrefixHeader.pch */ = {isa = PBXFileReference; lastKnownFileType = sourcecode.c.h; path = YHFramework_PrefixHeader.pch; sourceTree = "<group>"; };
		AC67B3F81CBCBAFF0015A78D /* YHFramework.app */ = {isa = PBXFileReference; explicitFileType = wrapper.application; includeInIndex = 0; path = YHFramework.app; sourceTree = BUILT_PRODUCTS_DIR; };
		AC67B3FC1CBCBAFF0015A78D /* main.m */ = {isa = PBXFileReference; lastKnownFileType = sourcecode.c.objc; path = main.m; sourceTree = "<group>"; };
		AC67B3FE1CBCBAFF0015A78D /* AppDelegate.h */ = {isa = PBXFileReference; lastKnownFileType = sourcecode.c.h; path = AppDelegate.h; sourceTree = "<group>"; };
		AC67B3FF1CBCBAFF0015A78D /* AppDelegate.m */ = {isa = PBXFileReference; lastKnownFileType = sourcecode.c.objc; path = AppDelegate.m; sourceTree = "<group>"; };
		AC67B4011CBCBAFF0015A78D /* ViewController.h */ = {isa = PBXFileReference; lastKnownFileType = sourcecode.c.h; path = ViewController.h; sourceTree = "<group>"; };
		AC67B4021CBCBAFF0015A78D /* ViewController.m */ = {isa = PBXFileReference; lastKnownFileType = sourcecode.c.objc; path = ViewController.m; sourceTree = "<group>"; };
		AC67B4051CBCBAFF0015A78D /* Base */ = {isa = PBXFileReference; lastKnownFileType = file.storyboard; name = Base; path = Base.lproj/Main.storyboard; sourceTree = "<group>"; };
		AC67B4071CBCBAFF0015A78D /* Assets.xcassets */ = {isa = PBXFileReference; lastKnownFileType = folder.assetcatalog; path = Assets.xcassets; sourceTree = "<group>"; };
		AC67B40A1CBCBAFF0015A78D /* Base */ = {isa = PBXFileReference; lastKnownFileType = file.storyboard; name = Base; path = Base.lproj/LaunchScreen.storyboard; sourceTree = "<group>"; };
		AC67B40C1CBCBAFF0015A78D /* Info.plist */ = {isa = PBXFileReference; lastKnownFileType = text.plist.xml; path = Info.plist; sourceTree = "<group>"; };
		AC67B4111CBCBAFF0015A78D /* YHFrameworkTests.xctest */ = {isa = PBXFileReference; explicitFileType = wrapper.cfbundle; includeInIndex = 0; path = YHFrameworkTests.xctest; sourceTree = BUILT_PRODUCTS_DIR; };
		AC67B4151CBCBAFF0015A78D /* YHFrameworkTests.m */ = {isa = PBXFileReference; lastKnownFileType = sourcecode.c.objc; path = YHFrameworkTests.m; sourceTree = "<group>"; };
		AC67B4171CBCBAFF0015A78D /* Info.plist */ = {isa = PBXFileReference; lastKnownFileType = text.plist.xml; path = Info.plist; sourceTree = "<group>"; };
		AC67B41C1CBCBAFF0015A78D /* YHFrameworkUITests.xctest */ = {isa = PBXFileReference; explicitFileType = wrapper.cfbundle; includeInIndex = 0; path = YHFrameworkUITests.xctest; sourceTree = BUILT_PRODUCTS_DIR; };
		AC67B4201CBCBAFF0015A78D /* YHFrameworkUITests.m */ = {isa = PBXFileReference; lastKnownFileType = sourcecode.c.objc; path = YHFrameworkUITests.m; sourceTree = "<group>"; };
		AC67B4221CBCBAFF0015A78D /* Info.plist */ = {isa = PBXFileReference; lastKnownFileType = text.plist.xml; path = Info.plist; sourceTree = "<group>"; };
		E9A1A2F2065A5D5CECECB7F6 /* Pods.debug.xcconfig */ = {isa = PBXFileReference; includeInIndex = 1; lastKnownFileType = text.xcconfig; name = Pods.debug.xcconfig; path = "Pods/Target Support Files/Pods/Pods.debug.xcconfig"; sourceTree = "<group>"; };
/* End PBXFileReference section */

/* Begin PBXFrameworksBuildPhase section */
		AC67B3F51CBCBAFF0015A78D /* Frameworks */ = {
			isa = PBXFrameworksBuildPhase;
			buildActionMask = 2147483647;
			files = (
				AA0C194154CD8BAA39A829C6 /* libPods.a in Frameworks */,
			);
			runOnlyForDeploymentPostprocessing = 0;
		};
		AC67B40E1CBCBAFF0015A78D /* Frameworks */ = {
			isa = PBXFrameworksBuildPhase;
			buildActionMask = 2147483647;
			files = (
			);
			runOnlyForDeploymentPostprocessing = 0;
		};
		AC67B4191CBCBAFF0015A78D /* Frameworks */ = {
			isa = PBXFrameworksBuildPhase;
			buildActionMask = 2147483647;
			files = (
			);
			runOnlyForDeploymentPostprocessing = 0;
		};
/* End PBXFrameworksBuildPhase section */

/* Begin PBXGroup section */
		8B8EF64E5C1547C5ED6867B9 /* Frameworks */ = {
			isa = PBXGroup;
			children = (
				5A52948C95896A26314124E5 /* libPods.a */,
			);
			name = Frameworks;
			sourceTree = "<group>";
		};
		AC1172561CBCD04E00B97A98 /* YHFramework */ = {
			isa = PBXGroup;
			children = (
				AC1172571CBCD04E00B97A98 /* _Controller */,
				AC11725A1CBCD04E00B97A98 /* _Model */,
				AC1172631CBCD04E00B97A98 /* _View */,
				AC1172741CBCD04E00B97A98 /* Headers */,
				AC1172791CBCD04E00B97A98 /* YHHTTPClient.h */,
				AC11727A1CBCD04E00B97A98 /* YHHTTPClient.m */,
				AC11727B1CBCD04E00B97A98 /* YHTools.h */,
				AC11727C1CBCD04E00B97A98 /* YHTools.m */,
			);
			path = YHFramework;
			sourceTree = "<group>";
		};
		AC1172571CBCD04E00B97A98 /* _Controller */ = {
			isa = PBXGroup;
			children = (
				AC1172581CBCD04E00B97A98 /* YHViewController.h */,
				AC1172591CBCD04E00B97A98 /* YHViewController.m */,
			);
			path = _Controller;
			sourceTree = "<group>";
		};
		AC11725A1CBCD04E00B97A98 /* _Model */ = {
			isa = PBXGroup;
			children = (
				AC11725B1CBCD04E00B97A98 /* YHBarcode.h */,
				AC11725C1CBCD04E00B97A98 /* YHBarcode.m */,
				AC11725D1CBCD04E00B97A98 /* YHGoogleAnalytics.h */,
				AC11725E1CBCD04E00B97A98 /* YHGoogleAnalytics.m */,
				AC11725F1CBCD04E00B97A98 /* YHModel.h */,
				AC1172601CBCD04E00B97A98 /* YHModel.m */,
				AC1172611CBCD04E00B97A98 /* YHPushModel.h */,
				AC1172621CBCD04E00B97A98 /* YHPushModel.m */,
			);
			path = _Model;
			sourceTree = "<group>";
		};
		AC1172631CBCD04E00B97A98 /* _View */ = {
			isa = PBXGroup;
			children = (
				AC1172641CBCD04E00B97A98 /* ProgressHUD */,
				AC1172681CBCD04E00B97A98 /* YHGoogleMapView.h */,
				AC1172691CBCD04E00B97A98 /* YHGoogleMapView.m */,
				AC11726A1CBCD04E00B97A98 /* YHInfiniteScrollView.h */,
				AC11726B1CBCD04E00B97A98 /* YHInfiniteScrollView.m */,
				AC11726C1CBCD04E00B97A98 /* YHInfiniteScrollViewPage.h */,
				AC11726D1CBCD04E00B97A98 /* YHInfiniteScrollViewPage.m */,
				AC11726E1CBCD04E00B97A98 /* YHTableViewCell.h */,
				AC11726F1CBCD04E00B97A98 /* YHTableViewCell.m */,
				AC1172701CBCD04E00B97A98 /* YHView.h */,
				AC1172711CBCD04E00B97A98 /* YHView.m */,
				AC1172721CBCD04E00B97A98 /* YHWKWebView.h */,
				AC1172731CBCD04E00B97A98 /* YHWKWebView.m */,
			);
			path = _View;
			sourceTree = "<group>";
		};
		AC1172641CBCD04E00B97A98 /* ProgressHUD */ = {
			isa = PBXGroup;
			children = (
				AC1172651CBCD04E00B97A98 /* ProgressHUD.bundle */,
				AC1172661CBCD04E00B97A98 /* ProgressHUD.h */,
				AC1172671CBCD04E00B97A98 /* ProgressHUD.m */,
			);
			path = ProgressHUD;
			sourceTree = "<group>";
		};
		AC1172741CBCD04E00B97A98 /* Headers */ = {
			isa = PBXGroup;
			children = (
				AC1172751CBCD04E00B97A98 /* YHConfig.h */,
				AC1172761CBCD04E00B97A98 /* YHDebugLog.h */,
				AC1172771CBCD04E00B97A98 /* YHLayout.h */,
			);
			path = Headers;
			sourceTree = "<group>";
		};
		AC67B3EF1CBCBAFF0015A78D = {
			isa = PBXGroup;
			children = (
				AC67B3FA1CBCBAFF0015A78D /* YHFramework */,
				AC67B4141CBCBAFF0015A78D /* YHFrameworkTests */,
				AC67B41F1CBCBAFF0015A78D /* YHFrameworkUITests */,
				AC67B3F91CBCBAFF0015A78D /* Products */,
				AF0F19B8D9801141BAC631F9 /* Pods */,
				8B8EF64E5C1547C5ED6867B9 /* Frameworks */,
			);
			sourceTree = "<group>";
		};
		AC67B3F91CBCBAFF0015A78D /* Products */ = {
			isa = PBXGroup;
			children = (
				AC67B3F81CBCBAFF0015A78D /* YHFramework.app */,
				AC67B4111CBCBAFF0015A78D /* YHFrameworkTests.xctest */,
				AC67B41C1CBCBAFF0015A78D /* YHFrameworkUITests.xctest */,
			);
			name = Products;
			sourceTree = "<group>";
		};
		AC67B3FA1CBCBAFF0015A78D /* YHFramework */ = {
			isa = PBXGroup;
			children = (
				AC1172561CBCD04E00B97A98 /* YHFramework */,
				AC67B3FE1CBCBAFF0015A78D /* AppDelegate.h */,
				AC67B3FF1CBCBAFF0015A78D /* AppDelegate.m */,
				AC67B4011CBCBAFF0015A78D /* ViewController.h */,
				AC67B4021CBCBAFF0015A78D /* ViewController.m */,
				AC67B4041CBCBAFF0015A78D /* Main.storyboard */,
				AC67B4071CBCBAFF0015A78D /* Assets.xcassets */,
				AC67B4091CBCBAFF0015A78D /* LaunchScreen.storyboard */,
				AC67B40C1CBCBAFF0015A78D /* Info.plist */,
				AC67B3FB1CBCBAFF0015A78D /* Supporting Files */,
			);
			path = YHFramework;
			sourceTree = "<group>";
		};
		AC67B3FB1CBCBAFF0015A78D /* Supporting Files */ = {
			isa = PBXGroup;
			children = (
				AC67B3FC1CBCBAFF0015A78D /* main.m */,
				AC11728D1CBCD06A00B97A98 /* YHFramework_PrefixHeader.pch */,
			);
			name = "Supporting Files";
			sourceTree = "<group>";
		};
		AC67B4141CBCBAFF0015A78D /* YHFrameworkTests */ = {
			isa = PBXGroup;
			children = (
				AC67B4151CBCBAFF0015A78D /* YHFrameworkTests.m */,
				AC67B4171CBCBAFF0015A78D /* Info.plist */,
			);
			path = YHFrameworkTests;
			sourceTree = "<group>";
		};
		AC67B41F1CBCBAFF0015A78D /* YHFrameworkUITests */ = {
			isa = PBXGroup;
			children = (
				AC67B4201CBCBAFF0015A78D /* YHFrameworkUITests.m */,
				AC67B4221CBCBAFF0015A78D /* Info.plist */,
			);
			path = YHFrameworkUITests;
			sourceTree = "<group>";
		};
		AF0F19B8D9801141BAC631F9 /* Pods */ = {
			isa = PBXGroup;
			children = (
				E9A1A2F2065A5D5CECECB7F6 /* Pods.debug.xcconfig */,
				25F54D3206974AD52FA34F9A /* Pods.release.xcconfig */,
			);
			name = Pods;
			sourceTree = "<group>";
		};
/* End PBXGroup section */

/* Begin PBXNativeTarget section */
		AC67B3F71CBCBAFF0015A78D /* YHFramework */ = {
			isa = PBXNativeTarget;
			buildConfigurationList = AC67B4251CBCBAFF0015A78D /* Build configuration list for PBXNativeTarget "YHFramework" */;
			buildPhases = (
				B25B241289A989E41F2EAA03 /* Check Pods Manifest.lock */,
				AC67B3F41CBCBAFF0015A78D /* Sources */,
				AC67B3F51CBCBAFF0015A78D /* Frameworks */,
				AC67B3F61CBCBAFF0015A78D /* Resources */,
				D82AEDB4D2EF3595A55D3DC0 /* Embed Pods Frameworks */,
				B1BFB39A6F616BAF4B0CED91 /* Copy Pods Resources */,
			);
			buildRules = (
			);
			dependencies = (
			);
			name = YHFramework;
			productName = YHFramework;
			productReference = AC67B3F81CBCBAFF0015A78D /* YHFramework.app */;
			productType = "com.apple.product-type.application";
		};
		AC67B4101CBCBAFF0015A78D /* YHFrameworkTests */ = {
			isa = PBXNativeTarget;
			buildConfigurationList = AC67B4281CBCBAFF0015A78D /* Build configuration list for PBXNativeTarget "YHFrameworkTests" */;
			buildPhases = (
				AC67B40D1CBCBAFF0015A78D /* Sources */,
				AC67B40E1CBCBAFF0015A78D /* Frameworks */,
				AC67B40F1CBCBAFF0015A78D /* Resources */,
			);
			buildRules = (
			);
			dependencies = (
				AC67B4131CBCBAFF0015A78D /* PBXTargetDependency */,
			);
			name = YHFrameworkTests;
			productName = YHFrameworkTests;
			productReference = AC67B4111CBCBAFF0015A78D /* YHFrameworkTests.xctest */;
			productType = "com.apple.product-type.bundle.unit-test";
		};
		AC67B41B1CBCBAFF0015A78D /* YHFrameworkUITests */ = {
			isa = PBXNativeTarget;
			buildConfigurationList = AC67B42B1CBCBAFF0015A78D /* Build configuration list for PBXNativeTarget "YHFrameworkUITests" */;
			buildPhases = (
				AC67B4181CBCBAFF0015A78D /* Sources */,
				AC67B4191CBCBAFF0015A78D /* Frameworks */,
				AC67B41A1CBCBAFF0015A78D /* Resources */,
			);
			buildRules = (
			);
			dependencies = (
				AC67B41E1CBCBAFF0015A78D /* PBXTargetDependency */,
			);
			name = YHFrameworkUITests;
			productName = YHFrameworkUITests;
			productReference = AC67B41C1CBCBAFF0015A78D /* YHFrameworkUITests.xctest */;
			productType = "com.apple.product-type.bundle.ui-testing";
		};
/* End PBXNativeTarget section */

/* Begin PBXProject section */
		AC67B3F01CBCBAFF0015A78D /* Project object */ = {
			isa = PBXProject;
			attributes = {
				LastUpgradeCheck = 0730;
				ORGANIZATIONNAME = DoozerStage;
				TargetAttributes = {
					AC67B3F71CBCBAFF0015A78D = {
						CreatedOnToolsVersion = 7.3;
					};
					AC67B4101CBCBAFF0015A78D = {
						CreatedOnToolsVersion = 7.3;
						TestTargetID = AC67B3F71CBCBAFF0015A78D;
					};
					AC67B41B1CBCBAFF0015A78D = {
						CreatedOnToolsVersion = 7.3;
						TestTargetID = AC67B3F71CBCBAFF0015A78D;
					};
				};
			};
			buildConfigurationList = AC67B3F31CBCBAFF0015A78D /* Build configuration list for PBXProject "YHFramework" */;
			compatibilityVersion = "Xcode 3.2";
			developmentRegion = English;
			hasScannedForEncodings = 0;
			knownRegions = (
				en,
				Base,
			);
			mainGroup = AC67B3EF1CBCBAFF0015A78D;
			productRefGroup = AC67B3F91CBCBAFF0015A78D /* Products */;
			projectDirPath = "";
			projectRoot = "";
			targets = (
				AC67B3F71CBCBAFF0015A78D /* YHFramework */,
				AC67B4101CBCBAFF0015A78D /* YHFrameworkTests */,
				AC67B41B1CBCBAFF0015A78D /* YHFrameworkUITests */,
			);
		};
/* End PBXProject section */

/* Begin PBXResourcesBuildPhase section */
		AC67B3F61CBCBAFF0015A78D /* Resources */ = {
			isa = PBXResourcesBuildPhase;
			buildActionMask = 2147483647;
			files = (
				AC1172821CBCD04E00B97A98 /* ProgressHUD.bundle in Resources */,
				AC67B40B1CBCBAFF0015A78D /* LaunchScreen.storyboard in Resources */,
				AC67B4081CBCBAFF0015A78D /* Assets.xcassets in Resources */,
				AC67B4061CBCBAFF0015A78D /* Main.storyboard in Resources */,
			);
			runOnlyForDeploymentPostprocessing = 0;
		};
		AC67B40F1CBCBAFF0015A78D /* Resources */ = {
			isa = PBXResourcesBuildPhase;
			buildActionMask = 2147483647;
			files = (
			);
			runOnlyForDeploymentPostprocessing = 0;
		};
		AC67B41A1CBCBAFF0015A78D /* Resources */ = {
			isa = PBXResourcesBuildPhase;
			buildActionMask = 2147483647;
			files = (
			);
			runOnlyForDeploymentPostprocessing = 0;
		};
/* End PBXResourcesBuildPhase section */

/* Begin PBXShellScriptBuildPhase section */
		B1BFB39A6F616BAF4B0CED91 /* Copy Pods Resources */ = {
			isa = PBXShellScriptBuildPhase;
			buildActionMask = 2147483647;
			files = (
			);
			inputPaths = (
			);
			name = "Copy Pods Resources";
			outputPaths = (
			);
			runOnlyForDeploymentPostprocessing = 0;
			shellPath = /bin/sh;
			shellScript = "\"${SRCROOT}/Pods/Target Support Files/Pods/Pods-resources.sh\"\n";
			showEnvVarsInLog = 0;
		};
		B25B241289A989E41F2EAA03 /* Check Pods Manifest.lock */ = {
			isa = PBXShellScriptBuildPhase;
			buildActionMask = 2147483647;
			files = (
			);
			inputPaths = (
			);
			name = "Check Pods Manifest.lock";
			outputPaths = (
			);
			runOnlyForDeploymentPostprocessing = 0;
			shellPath = /bin/sh;
			shellScript = "diff \"${PODS_ROOT}/../Podfile.lock\" \"${PODS_ROOT}/Manifest.lock\" > /dev/null\nif [[ $? != 0 ]] ; then\n    cat << EOM\nerror: The sandbox is not in sync with the Podfile.lock. Run 'pod install' or update your CocoaPods installation.\nEOM\n    exit 1\nfi\n";
			showEnvVarsInLog = 0;
		};
		D82AEDB4D2EF3595A55D3DC0 /* Embed Pods Frameworks */ = {
			isa = PBXShellScriptBuildPhase;
			buildActionMask = 2147483647;
			files = (
			);
			inputPaths = (
			);
			name = "Embed Pods Frameworks";
			outputPaths = (
			);
			runOnlyForDeploymentPostprocessing = 0;
			shellPath = /bin/sh;
			shellScript = "\"${SRCROOT}/Pods/Target Support Files/Pods/Pods-frameworks.sh\"\n";
			showEnvVarsInLog = 0;
		};
/* End PBXShellScriptBuildPhase section */

/* Begin PBXSourcesBuildPhase section */
		AC67B3F41CBCBAFF0015A78D /* Sources */ = {
			isa = PBXSourcesBuildPhase;
			buildActionMask = 2147483647;
			files = (
				AC1172831CBCD04E00B97A98 /* ProgressHUD.m in Sources */,
				AC11727F1CBCD04E00B97A98 /* YHGoogleAnalytics.m in Sources */,
				AC1172871CBCD04E00B97A98 /* YHTableViewCell.m in Sources */,
				AC67B4031CBCBAFF0015A78D /* ViewController.m in Sources */,
				AC1172861CBCD04E00B97A98 /* YHInfiniteScrollViewPage.m in Sources */,
				AC1172841CBCD04E00B97A98 /* YHGoogleMapView.m in Sources */,
				AC1172811CBCD04E00B97A98 /* YHPushModel.m in Sources */,
				AC1172881CBCD04E00B97A98 /* YHView.m in Sources */,
				AC11727D1CBCD04E00B97A98 /* YHViewController.m in Sources */,
				AC67B4001CBCBAFF0015A78D /* AppDelegate.m in Sources */,
				AC67B3FD1CBCBAFF0015A78D /* main.m in Sources */,
				AC11728B1CBCD04E00B97A98 /* YHHTTPClient.m in Sources */,
				AC1172891CBCD04E00B97A98 /* YHWKWebView.m in Sources */,
				AC11728C1CBCD04E00B97A98 /* YHTools.m in Sources */,
				AC1172851CBCD04E00B97A98 /* YHInfiniteScrollView.m in Sources */,
				AC1172801CBCD04E00B97A98 /* YHModel.m in Sources */,
				AC11727E1CBCD04E00B97A98 /* YHBarcode.m in Sources */,
			);
			runOnlyForDeploymentPostprocessing = 0;
		};
		AC67B40D1CBCBAFF0015A78D /* Sources */ = {
			isa = PBXSourcesBuildPhase;
			buildActionMask = 2147483647;
			files = (
				AC67B4161CBCBAFF0015A78D /* YHFrameworkTests.m in Sources */,
			);
			runOnlyForDeploymentPostprocessing = 0;
		};
		AC67B4181CBCBAFF0015A78D /* Sources */ = {
			isa = PBXSourcesBuildPhase;
			buildActionMask = 2147483647;
			files = (
				AC67B4211CBCBAFF0015A78D /* YHFrameworkUITests.m in Sources */,
			);
			runOnlyForDeploymentPostprocessing = 0;
		};
/* End PBXSourcesBuildPhase section */

/* Begin PBXTargetDependency section */
		AC67B4131CBCBAFF0015A78D /* PBXTargetDependency */ = {
			isa = PBXTargetDependency;
			target = AC67B3F71CBCBAFF0015A78D /* YHFramework */;
			targetProxy = AC67B4121CBCBAFF0015A78D /* PBXContainerItemProxy */;
		};
		AC67B41E1CBCBAFF0015A78D /* PBXTargetDependency */ = {
			isa = PBXTargetDependency;
			target = AC67B3F71CBCBAFF0015A78D /* YHFramework */;
			targetProxy = AC67B41D1CBCBAFF0015A78D /* PBXContainerItemProxy */;
		};
/* End PBXTargetDependency section */

/* Begin PBXVariantGroup section */
		AC67B4041CBCBAFF0015A78D /* Main.storyboard */ = {
			isa = PBXVariantGroup;
			children = (
				AC67B4051CBCBAFF0015A78D /* Base */,
			);
			name = Main.storyboard;
			sourceTree = "<group>";
		};
		AC67B4091CBCBAFF0015A78D /* LaunchScreen.storyboard */ = {
			isa = PBXVariantGroup;
			children = (
				AC67B40A1CBCBAFF0015A78D /* Base */,
			);
			name = LaunchScreen.storyboard;
			sourceTree = "<group>";
		};
/* End PBXVariantGroup section */

/* Begin XCBuildConfiguration section */
		AC67B4231CBCBAFF0015A78D /* Debug */ = {
			isa = XCBuildConfiguration;
			buildSettings = {
				ALWAYS_SEARCH_USER_PATHS = NO;
				CLANG_ANALYZER_NONNULL = YES;
				CLANG_CXX_LANGUAGE_STANDARD = "gnu++0x";
				CLANG_CXX_LIBRARY = "libc++";
				CLANG_ENABLE_MODULES = YES;
				CLANG_ENABLE_OBJC_ARC = YES;
				CLANG_WARN_BOOL_CONVERSION = YES;
				CLANG_WARN_CONSTANT_CONVERSION = YES;
				CLANG_WARN_DIRECT_OBJC_ISA_USAGE = YES_ERROR;
				CLANG_WARN_EMPTY_BODY = YES;
				CLANG_WARN_ENUM_CONVERSION = YES;
				CLANG_WARN_INT_CONVERSION = YES;
				CLANG_WARN_OBJC_ROOT_CLASS = YES_ERROR;
				CLANG_WARN_UNREACHABLE_CODE = YES;
				CLANG_WARN__DUPLICATE_METHOD_MATCH = YES;
				"CODE_SIGN_IDENTITY[sdk=iphoneos*]" = "iPhone Developer";
				COPY_PHASE_STRIP = NO;
				DEBUG_INFORMATION_FORMAT = dwarf;
				ENABLE_STRICT_OBJC_MSGSEND = YES;
				ENABLE_TESTABILITY = YES;
				GCC_C_LANGUAGE_STANDARD = gnu99;
				GCC_DYNAMIC_NO_PIC = NO;
				GCC_NO_COMMON_BLOCKS = YES;
				GCC_OPTIMIZATION_LEVEL = 0;
				GCC_PREPROCESSOR_DEFINITIONS = (
					"DEBUG=1",
					"$(inherited)",
				);
				GCC_WARN_64_TO_32_BIT_CONVERSION = YES;
				GCC_WARN_ABOUT_RETURN_TYPE = YES_ERROR;
				GCC_WARN_UNDECLARED_SELECTOR = YES;
				GCC_WARN_UNINITIALIZED_AUTOS = YES_AGGRESSIVE;
				GCC_WARN_UNUSED_FUNCTION = YES;
				GCC_WARN_UNUSED_VARIABLE = YES;
				IPHONEOS_DEPLOYMENT_TARGET = 8.0;
				MTL_ENABLE_DEBUG_INFO = YES;
				ONLY_ACTIVE_ARCH = YES;
				SDKROOT = iphoneos;
				TARGETED_DEVICE_FAMILY = "1,2";
			};
			name = Debug;
		};
		AC67B4241CBCBAFF0015A78D /* Release */ = {
			isa = XCBuildConfiguration;
			buildSettings = {
				ALWAYS_SEARCH_USER_PATHS = NO;
				CLANG_ANALYZER_NONNULL = YES;
				CLANG_CXX_LANGUAGE_STANDARD = "gnu++0x";
				CLANG_CXX_LIBRARY = "libc++";
				CLANG_ENABLE_MODULES = YES;
				CLANG_ENABLE_OBJC_ARC = YES;
				CLANG_WARN_BOOL_CONVERSION = YES;
				CLANG_WARN_CONSTANT_CONVERSION = YES;
				CLANG_WARN_DIRECT_OBJC_ISA_USAGE = YES_ERROR;
				CLANG_WARN_EMPTY_BODY = YES;
				CLANG_WARN_ENUM_CONVERSION = YES;
				CLANG_WARN_INT_CONVERSION = YES;
				CLANG_WARN_OBJC_ROOT_CLASS = YES_ERROR;
				CLANG_WARN_UNREACHABLE_CODE = YES;
				CLANG_WARN__DUPLICATE_METHOD_MATCH = YES;
				"CODE_SIGN_IDENTITY[sdk=iphoneos*]" = "iPhone Developer";
				COPY_PHASE_STRIP = NO;
				DEBUG_INFORMATION_FORMAT = "dwarf-with-dsym";
				ENABLE_NS_ASSERTIONS = NO;
				ENABLE_STRICT_OBJC_MSGSEND = YES;
				GCC_C_LANGUAGE_STANDARD = gnu99;
				GCC_NO_COMMON_BLOCKS = YES;
				GCC_WARN_64_TO_32_BIT_CONVERSION = YES;
				GCC_WARN_ABOUT_RETURN_TYPE = YES_ERROR;
				GCC_WARN_UNDECLARED_SELECTOR = YES;
				GCC_WARN_UNINITIALIZED_AUTOS = YES_AGGRESSIVE;
				GCC_WARN_UNUSED_FUNCTION = YES;
				GCC_WARN_UNUSED_VARIABLE = YES;
				IPHONEOS_DEPLOYMENT_TARGET = 8.0;
				MTL_ENABLE_DEBUG_INFO = NO;
				SDKROOT = iphoneos;
				TARGETED_DEVICE_FAMILY = "1,2";
				VALIDATE_PRODUCT = YES;
			};
			name = Release;
		};
		AC67B4261CBCBAFF0015A78D /* Debug */ = {
			isa = XCBuildConfiguration;
			baseConfigurationReference = E9A1A2F2065A5D5CECECB7F6 /* Pods.debug.xcconfig */;
			buildSettings = {
				ASSETCATALOG_COMPILER_APPICON_NAME = AppIcon;
				GCC_PREFIX_HEADER = "${SRCROOT}/${PROJECT_NAME}/YHFramework_PrefixHeader.pch";
				INFOPLIST_FILE = YHFramework/Info.plist;
				LD_RUNPATH_SEARCH_PATHS = "$(inherited) @executable_path/Frameworks";
				PRODUCT_BUNDLE_IDENTIFIER = com.doozerstage.YHFramework;
				PRODUCT_NAME = "$(TARGET_NAME)";
			};
			name = Debug;
		};
		AC67B4271CBCBAFF0015A78D /* Release */ = {
			isa = XCBuildConfiguration;
			baseConfigurationReference = 25F54D3206974AD52FA34F9A /* Pods.release.xcconfig */;
			buildSettings = {
				ASSETCATALOG_COMPILER_APPICON_NAME = AppIcon;
				GCC_PREFIX_HEADER = "${SRCROOT}/${PROJECT_NAME}/YHFramework_PrefixHeader.pch";
				INFOPLIST_FILE = YHFramework/Info.plist;
				LD_RUNPATH_SEARCH_PATHS = "$(inherited) @executable_path/Frameworks";
				PRODUCT_BUNDLE_IDENTIFIER = com.doozerstage.YHFramework;
				PRODUCT_NAME = "$(TARGET_NAME)";
			};
			name = Release;
		};
		AC67B4291CBCBAFF0015A78D /* Debug */ = {
			isa = XCBuildConfiguration;
			buildSettings = {
				BUNDLE_LOADER = "$(TEST_HOST)";
				INFOPLIST_FILE = YHFrameworkTests/Info.plist;
				LD_RUNPATH_SEARCH_PATHS = "$(inherited) @executable_path/Frameworks @loader_path/Frameworks";
				PRODUCT_BUNDLE_IDENTIFIER = com.doozerstage.YHFrameworkTests;
				PRODUCT_NAME = "$(TARGET_NAME)";
				TEST_HOST = "$(BUILT_PRODUCTS_DIR)/YHFramework.app/YHFramework";
			};
			name = Debug;
		};
		AC67B42A1CBCBAFF0015A78D /* Release */ = {
			isa = XCBuildConfiguration;
			buildSettings = {
				BUNDLE_LOADER = "$(TEST_HOST)";
				INFOPLIST_FILE = YHFrameworkTests/Info.plist;
				LD_RUNPATH_SEARCH_PATHS = "$(inherited) @executable_path/Frameworks @loader_path/Frameworks";
				PRODUCT_BUNDLE_IDENTIFIER = com.doozerstage.YHFrameworkTests;
				PRODUCT_NAME = "$(TARGET_NAME)";
				TEST_HOST = "$(BUILT_PRODUCTS_DIR)/YHFramework.app/YHFramework";
			};
			name = Release;
		};
		AC67B42C1CBCBAFF0015A78D /* Debug */ = {
			isa = XCBuildConfiguration;
			buildSettings = {
				INFOPLIST_FILE = YHFrameworkUITests/Info.plist;
				LD_RUNPATH_SEARCH_PATHS = "$(inherited) @executable_path/Frameworks @loader_path/Frameworks";
				PRODUCT_BUNDLE_IDENTIFIER = com.doozerstage.YHFrameworkUITests;
				PRODUCT_NAME = "$(TARGET_NAME)";
				TEST_TARGET_NAME = YHFramework;
			};
			name = Debug;
		};
		AC67B42D1CBCBAFF0015A78D /* Release */ = {
			isa = XCBuildConfiguration;
			buildSettings = {
				INFOPLIST_FILE = YHFrameworkUITests/Info.plist;
				LD_RUNPATH_SEARCH_PATHS = "$(inherited) @executable_path/Frameworks @loader_path/Frameworks";
				PRODUCT_BUNDLE_IDENTIFIER = com.doozerstage.YHFrameworkUITests;
				PRODUCT_NAME = "$(TARGET_NAME)";
				TEST_TARGET_NAME = YHFramework;
			};
			name = Release;
		};
/* End XCBuildConfiguration section */

/* Begin XCConfigurationList section */
		AC67B3F31CBCBAFF0015A78D /* Build configuration list for PBXProject "YHFramework" */ = {
			isa = XCConfigurationList;
			buildConfigurations = (
				AC67B4231CBCBAFF0015A78D /* Debug */,
				AC67B4241CBCBAFF0015A78D /* Release */,
			);
			defaultConfigurationIsVisible = 0;
			defaultConfigurationName = Release;
		};
		AC67B4251CBCBAFF0015A78D /* Build configuration list for PBXNativeTarget "YHFramework" */ = {
			isa = XCConfigurationList;
			buildConfigurations = (
				AC67B4261CBCBAFF0015A78D /* Debug */,
				AC67B4271CBCBAFF0015A78D /* Release */,
			);
			defaultConfigurationIsVisible = 0;
			defaultConfigurationName = Release;
		};
		AC67B4281CBCBAFF0015A78D /* Build configuration list for PBXNativeTarget "YHFrameworkTests" */ = {
			isa = XCConfigurationList;
			buildConfigurations = (
				AC67B4291CBCBAFF0015A78D /* Debug */,
				AC67B42A1CBCBAFF0015A78D /* Release */,
			);
			defaultConfigurationIsVisible = 0;
			defaultConfigurationName = Release;
		};
		AC67B42B1CBCBAFF0015A78D /* Build configuration list for PBXNativeTarget "YHFrameworkUITests" */ = {
			isa = XCConfigurationList;
			buildConfigurations = (
				AC67B42C1CBCBAFF0015A78D /* Debug */,
				AC67B42D1CBCBAFF0015A78D /* Release */,
			);
			defaultConfigurationIsVisible = 0;
			defaultConfigurationName = Release;
		};
/* End XCConfigurationList section */
	};
	rootObject = AC67B3F01CBCBAFF0015A78D /* Project object */;
}
